
Microsoft Visual Studio Solution File, Format Version 12.00
# Visual Studio 15
VisualStudioVersion = 15.0.27428.2027
MinimumVisualStudioVersion = 10.0.40219.1
Project("{FAE04EC0-301F-11D3-BF4B-00C04F79EFBC}") = "ObligatoriskEksamensopgave3", "ObligatoriskEksamensopgave3\ObligatoriskEksamensopgave3.csproj", "{5CE91CB7-7C4E-4314-8160-27EC68A24D9B}"
EndProject
Project("{FAE04EC0-301F-11D3-BF4B-00C04F79EFBC}") = "UnitTests", "UnitTests\UnitTests.csproj", "{2BD92896-FFF2-45F3-9A3F-63DA7AE3E33E}"
EndProject
Global
	GlobalSection(SolutionConfigurationPlatforms) = preSolution
		Debug|Any CPU = Debug|Any CPU
		Release|Any CPU = Release|Any CPU
	EndGlobalSection
	GlobalSection(ProjectConfigurationPlatforms) = postSolution
		{5CE91CB7-7C4E-4314-8160-27EC68A24D9B}.Debug|Any CPU.ActiveCfg = Debug|Any CPU
		{5CE91CB7-7C4E-4314-8160-27EC68A24D9B}.Debug|Any CPU.Build.0 = Debug|Any CPU
		{5CE91CB7-7C4E-4314-8160-27EC68A24D9B}.Release|Any CPU.ActiveCfg = Release|Any CPU
		{5CE91CB7-7C4E-4314-8160-27EC68A24D9B}.Release|Any CPU.Build.0 = Release|Any CPU
		{2BD92896-FFF2-45F3-9A3F-63DA7AE3E33E}.Debug|Any CPU.ActiveCfg = Debug|Any CPU
		{2BD92896-FFF2-45F3-9A3F-63DA7AE3E33E}.Debug|Any CPU.Build.0 = Debug|Any CPU
		{2BD92896-FFF2-45F3-9A3F-63DA7AE3E33E}.Release|Any CPU.ActiveCfg = Release|Any CPU
		{2BD92896-FFF2-45F3-9A3F-63DA7AE3E33E}.Release|Any CPU.Build.0 = Release|Any CPU
	EndGlobalSection
	GlobalSection(SolutionProperties) = preSolution
		HideSolutionNode = FALSE
	EndGlobalSection
	GlobalSection(ExtensibilityGlobals) = postSolution
		SolutionGuid = {A650C525-E12F-4FB3-A846-B50962A2770F}
	EndGlobalSection
EndGlobal
